# This file was autogenerated by Stack.
# You should not edit this file by hand.
# For more information, please see the documentation at:
#   https://docs.haskellstack.org/en/stable/lock_files

packages:
- completed:
    hackage: hip-1.5.3.0@sha256:11a3b06a222abae8d2f1da717890b24392de1df22a2c2bb388922565a73dd9be,6400
    pantry-tree:
      size: 6566
      sha256: 1244cf5fe7cd03a20a6b6cb8d4bbdad34472704537e9d1391ffc29a67aeca015
  original:
    hackage: hip-1.5.3.0@sha256:11a3b06a222abae8d2f1da717890b24392de1df22a2c2bb388922565a73dd9be,6400
- completed:
    size: 2334472
    url: https://github.com/addap/threepenny-gui/archive/abb1817f6d02189ac0d611c68f98b6867c4a3f44.tar.gz
    name: threepenny-gui
    version: 0.8.3.1
    sha256: c8dd2f2892e9a88eacbd730419a8bae1c39d21ef04f551d593019b84013bb381
    pantry-tree:
      size: 7731
      sha256: de720a36765999eb056cb4b439f94b364b5c51f5652c37431ca2b463966f4c81
  original:
    url: https://github.com/addap/threepenny-gui/archive/abb1817f6d02189ac0d611c68f98b6867c4a3f44.tar.gz
snapshots:
- completed:
    size: 524996
    url: https://raw.githubusercontent.com/commercialhaskell/stackage-snapshots/master/lts/14/27.yaml
    sha256: 7ea31a280c56bf36ff591a7397cc384d0dff622e7f9e4225b47d8980f019a0f0
  original: lts-14.27
